
Microsoft Visual Studio Solution File, Format Version 12.00
# Visual Studio Version 16
VisualStudioVersion = 16.0.30011.22
MinimumVisualStudioVersion = 10.0.40219.1
Project("{9A19103F-16F7-4668-BE54-9A1E7A4F7556}") = "CursoUdemy", "CursoUdemy\CursoUdemy.csproj", "{E12D470E-6158-4FBD-B240-07DC93C7E5CB}"
EndProject
Project("{FAE04EC0-301F-11D3-BF4B-00C04F79EFBC}") = "xadrez-console", "xadrez-console\xadrez-console.csproj", "{7E02AFD0-430A-41D0-96D3-71A1790E8A03}"
EndProject
Global
	GlobalSection(SolutionConfigurationPlatforms) = preSolution
		Debug|Any CPU = Debug|Any CPU
		Release|Any CPU = Release|Any CPU
	EndGlobalSection
	GlobalSection(ProjectConfigurationPlatforms) = postSolution
		{E12D470E-6158-4FBD-B240-07DC93C7E5CB}.Debug|Any CPU.ActiveCfg = Debug|Any CPU
		{E12D470E-6158-4FBD-B240-07DC93C7E5CB}.Debug|Any CPU.Build.0 = Debug|Any CPU
		{E12D470E-6158-4FBD-B240-07DC93C7E5CB}.Release|Any CPU.ActiveCfg = Release|Any CPU
		{E12D470E-6158-4FBD-B240-07DC93C7E5CB}.Release|Any CPU.Build.0 = Release|Any CPU
		{7E02AFD0-430A-41D0-96D3-71A1790E8A03}.Debug|Any CPU.ActiveCfg = Debug|Any CPU
		{7E02AFD0-430A-41D0-96D3-71A1790E8A03}.Debug|Any CPU.Build.0 = Debug|Any CPU
		{7E02AFD0-430A-41D0-96D3-71A1790E8A03}.Release|Any CPU.ActiveCfg = Release|Any CPU
		{7E02AFD0-430A-41D0-96D3-71A1790E8A03}.Release|Any CPU.Build.0 = Release|Any CPU
	EndGlobalSection
	GlobalSection(SolutionProperties) = preSolution
		HideSolutionNode = FALSE
	EndGlobalSection
	GlobalSection(ExtensibilityGlobals) = postSolution
		SolutionGuid = {B26E0261-7A7E-4390-AF91-B964998D0A2C}
	EndGlobalSection
EndGlobal
